
Microsoft Visual Studio Solution File, Format Version 12.00
# Visual Studio Version 17
VisualStudioVersion = 17.4.33213.308
MinimumVisualStudioVersion = 10.0.40219.1
Project("{FAE04EC0-301F-11D3-BF4B-00C04F79EFBC}") = "ProjectRegistration", "ProjectRegistration\ProjectRegistration.csproj", "{BCE8374D-1E5B-4706-A37C-64301F691DFA}"
EndProject
Global
	GlobalSection(SolutionConfigurationPlatforms) = preSolution
		Debug|Any CPU = Debug|Any CPU
		Release|Any CPU = Release|Any CPU
	EndGlobalSection
	GlobalSection(ProjectConfigurationPlatforms) = postSolution
		{BCE8374D-1E5B-4706-A37C-64301F691DFA}.Debug|Any CPU.ActiveCfg = Debug|Any CPU
		{BCE8374D-1E5B-4706-A37C-64301F691DFA}.Debug|Any CPU.Build.0 = Debug|Any CPU
		{BCE8374D-1E5B-4706-A37C-64301F691DFA}.Release|Any CPU.ActiveCfg = Release|Any CPU
		{BCE8374D-1E5B-4706-A37C-64301F691DFA}.Release|Any CPU.Build.0 = Release|Any CPU
	EndGlobalSection
	GlobalSection(SolutionProperties) = preSolution
		HideSolutionNode = FALSE
	EndGlobalSection
	GlobalSection(ExtensibilityGlobals) = postSolution
		SolutionGuid = {B56E8747-7FE3-44ED-94CA-91E2A232CAD4}
	EndGlobalSection
EndGlobal
