
Microsoft Visual Studio Solution File, Format Version 12.00
# Visual Studio Version 17
VisualStudioVersion = 17.5.33516.290
MinimumVisualStudioVersion = 10.0.40219.1
Project("{FAE04EC0-301F-11D3-BF4B-00C04F79EFBC}") = "ProjectRegistration", "ProjectRegistration.csproj", "{B02B3F64-8176-4E7E-8CFC-82041BFB4B21}"
EndProject
Global
	GlobalSection(SolutionConfigurationPlatforms) = preSolution
		Debug|Any CPU = Debug|Any CPU
		Release|Any CPU = Release|Any CPU
	EndGlobalSection
	GlobalSection(ProjectConfigurationPlatforms) = postSolution
		{B02B3F64-8176-4E7E-8CFC-82041BFB4B21}.Debug|Any CPU.ActiveCfg = Debug|Any CPU
		{B02B3F64-8176-4E7E-8CFC-82041BFB4B21}.Debug|Any CPU.Build.0 = Debug|Any CPU
		{B02B3F64-8176-4E7E-8CFC-82041BFB4B21}.Release|Any CPU.ActiveCfg = Release|Any CPU
		{B02B3F64-8176-4E7E-8CFC-82041BFB4B21}.Release|Any CPU.Build.0 = Release|Any CPU
	EndGlobalSection
	GlobalSection(SolutionProperties) = preSolution
		HideSolutionNode = FALSE
	EndGlobalSection
	GlobalSection(ExtensibilityGlobals) = postSolution
		SolutionGuid = {7B2678DB-2E33-4BE9-B296-47878A54E9DC}
	EndGlobalSection
EndGlobal
